
Microsoft Visual Studio Solution File, Format Version 12.00
# Visual Studio 2013
VisualStudioVersion = 12.0.31101.0
MinimumVisualStudioVersion = 10.0.40219.1
Project("{FAE04EC0-301F-11D3-BF4B-00C04F79EFBC}") = "MyDesignPattern_Test", "MyDesignPattern_Test\MyDesignPattern_Test.csproj", "{ED58E5F8-27FE-41E3-AE05-F8D77739722F}"
EndProject
Project("{FAE04EC0-301F-11D3-BF4B-00C04F79EFBC}") = "AbstractFactory", "AbstractFactory\AbstractFactory.csproj", "{F3F44BE1-A88E-4A9C-9E0F-D6F078866653}"
EndProject
Project("{FAE04EC0-301F-11D3-BF4B-00C04F79EFBC}") = "Builder", "Builder\Builder.csproj", "{D1D07806-FB20-4981-B155-0F93C3C1E4BD}"
EndProject
Project("{FAE04EC0-301F-11D3-BF4B-00C04F79EFBC}") = "FactoryMethod", "FactoryMethod\FactoryMethod.csproj", "{ACCED81F-BD6E-449D-B004-D2EBA707CD39}"
EndProject
Project("{FAE04EC0-301F-11D3-BF4B-00C04F79EFBC}") = "Prototype", "Prototype\Prototype.csproj", "{0E8DE7C5-0E6C-4E1E-9F24-4E41D043355A}"
EndProject
Project("{FAE04EC0-301F-11D3-BF4B-00C04F79EFBC}") = "Singleton", "Singleton\Singleton.csproj", "{15BA2E6B-3B80-44A0-9492-0BBD48CA0776}"
EndProject
Global
	GlobalSection(SolutionConfigurationPlatforms) = preSolution
		Debug|Any CPU = Debug|Any CPU
		Release|Any CPU = Release|Any CPU
	EndGlobalSection
	GlobalSection(ProjectConfigurationPlatforms) = postSolution
		{ED58E5F8-27FE-41E3-AE05-F8D77739722F}.Debug|Any CPU.ActiveCfg = Debug|Any CPU
		{ED58E5F8-27FE-41E3-AE05-F8D77739722F}.Debug|Any CPU.Build.0 = Debug|Any CPU
		{ED58E5F8-27FE-41E3-AE05-F8D77739722F}.Release|Any CPU.ActiveCfg = Release|Any CPU
		{ED58E5F8-27FE-41E3-AE05-F8D77739722F}.Release|Any CPU.Build.0 = Release|Any CPU
		{F3F44BE1-A88E-4A9C-9E0F-D6F078866653}.Debug|Any CPU.ActiveCfg = Debug|Any CPU
		{F3F44BE1-A88E-4A9C-9E0F-D6F078866653}.Debug|Any CPU.Build.0 = Debug|Any CPU
		{F3F44BE1-A88E-4A9C-9E0F-D6F078866653}.Release|Any CPU.ActiveCfg = Release|Any CPU
		{F3F44BE1-A88E-4A9C-9E0F-D6F078866653}.Release|Any CPU.Build.0 = Release|Any CPU
		{D1D07806-FB20-4981-B155-0F93C3C1E4BD}.Debug|Any CPU.ActiveCfg = Debug|Any CPU
		{D1D07806-FB20-4981-B155-0F93C3C1E4BD}.Debug|Any CPU.Build.0 = Debug|Any CPU
		{D1D07806-FB20-4981-B155-0F93C3C1E4BD}.Release|Any CPU.ActiveCfg = Release|Any CPU
		{D1D07806-FB20-4981-B155-0F93C3C1E4BD}.Release|Any CPU.Build.0 = Release|Any CPU
		{ACCED81F-BD6E-449D-B004-D2EBA707CD39}.Debug|Any CPU.ActiveCfg = Debug|Any CPU
		{ACCED81F-BD6E-449D-B004-D2EBA707CD39}.Debug|Any CPU.Build.0 = Debug|Any CPU
		{ACCED81F-BD6E-449D-B004-D2EBA707CD39}.Release|Any CPU.ActiveCfg = Release|Any CPU
		{ACCED81F-BD6E-449D-B004-D2EBA707CD39}.Release|Any CPU.Build.0 = Release|Any CPU
		{0E8DE7C5-0E6C-4E1E-9F24-4E41D043355A}.Debug|Any CPU.ActiveCfg = Debug|Any CPU
		{0E8DE7C5-0E6C-4E1E-9F24-4E41D043355A}.Debug|Any CPU.Build.0 = Debug|Any CPU
		{0E8DE7C5-0E6C-4E1E-9F24-4E41D043355A}.Release|Any CPU.ActiveCfg = Release|Any CPU
		{0E8DE7C5-0E6C-4E1E-9F24-4E41D043355A}.Release|Any CPU.Build.0 = Release|Any CPU
		{15BA2E6B-3B80-44A0-9492-0BBD48CA0776}.Debug|Any CPU.ActiveCfg = Debug|Any CPU
		{15BA2E6B-3B80-44A0-9492-0BBD48CA0776}.Debug|Any CPU.Build.0 = Debug|Any CPU
		{15BA2E6B-3B80-44A0-9492-0BBD48CA0776}.Release|Any CPU.ActiveCfg = Release|Any CPU
		{15BA2E6B-3B80-44A0-9492-0BBD48CA0776}.Release|Any CPU.Build.0 = Release|Any CPU
	EndGlobalSection
	GlobalSection(SolutionProperties) = preSolution
		HideSolutionNode = FALSE
	EndGlobalSection
EndGlobal
